// !$*UTF8*$!
{
	archiveVersion = 1;
	classes = {
	};
	objectVersion = 46;
	objects = {

/* Begin PBXBuildFile section */
		F714E16414A1A88400E24956 /* UIKit.framework in Frameworks */ = {isa = PBXBuildFile; fileRef = F714E16314A1A88400E24956 /* UIKit.framework */; };
		F714E16614A1A88400E24956 /* Foundation.framework in Frameworks */ = {isa = PBXBuildFile; fileRef = F714E16514A1A88400E24956 /* Foundation.framework */; };
		F714E16814A1A88400E24956 /* CoreGraphics.framework in Frameworks */ = {isa = PBXBuildFile; fileRef = F714E16714A1A88400E24956 /* CoreGraphics.framework */; };
		F714E16E14A1A88400E24956 /* InfoPlist.strings in Resources */ = {isa = PBXBuildFile; fileRef = F714E16C14A1A88400E24956 /* InfoPlist.strings */; };
		F714E17014A1A88400E24956 /* main.m in Sources */ = {isa = PBXBuildFile; fileRef = F714E16F14A1A88400E24956 /* main.m */; };
		F714E17414A1A88400E24956 /* AppDelegate.m in Sources */ = {isa = PBXBuildFile; fileRef = F714E17314A1A88400E24956 /* AppDelegate.m */; };
		F714E18814A1A88400E24956 /* SenTestingKit.framework in Frameworks */ = {isa = PBXBuildFile; fileRef = F714E18714A1A88400E24956 /* SenTestingKit.framework */; };
		F714E18914A1A88400E24956 /* UIKit.framework in Frameworks */ = {isa = PBXBuildFile; fileRef = F714E16314A1A88400E24956 /* UIKit.framework */; };
		F714E18A14A1A88400E24956 /* Foundation.framework in Frameworks */ = {isa = PBXBuildFile; fileRef = F714E16514A1A88400E24956 /* Foundation.framework */; };
		F714E19214A1A88400E24956 /* InfoPlist.strings in Resources */ = {isa = PBXBuildFile; fileRef = F714E19014A1A88400E24956 /* InfoPlist.strings */; };
		F714E19514A1A88400E24956 /* FriendlyWagerTests.m in Sources */ = {isa = PBXBuildFile; fileRef = F714E19414A1A88400E24956 /* FriendlyWagerTests.m */; };
		F714E1EB14A1B7F700E24956 /* MasterViewController.m in Sources */ = {isa = PBXBuildFile; fileRef = F714E1E914A1B7F700E24956 /* MasterViewController.m */; };
		F714E1EC14A1B7F700E24956 /* MasterViewController.xib in Resources */ = {isa = PBXBuildFile; fileRef = F714E1EA14A1B7F700E24956 /* MasterViewController.xib */; };
		F714E1F114A1BE6B00E24956 /* LedgerViewController.m in Sources */ = {isa = PBXBuildFile; fileRef = F714E1EF14A1BE6B00E24956 /* LedgerViewController.m */; };
		F714E1F214A1BE6B00E24956 /* LedgerViewController.xib in Resources */ = {isa = PBXBuildFile; fileRef = F714E1F014A1BE6B00E24956 /* LedgerViewController.xib */; };
		F714E1FE14A1D0CD00E24956 /* BHTabsFooterView.m in Sources */ = {isa = PBXBuildFile; fileRef = F714E1F514A1D0CD00E24956 /* BHTabsFooterView.m */; settings = {COMPILER_FLAGS = "-fno-objc-arc"; }; };
		F714E1FF14A1D0CD00E24956 /* BHTabStyle.m in Sources */ = {isa = PBXBuildFile; fileRef = F714E1F714A1D0CD00E24956 /* BHTabStyle.m */; settings = {COMPILER_FLAGS = "-fno-objc-arc"; }; };
		F714E20014A1D0CD00E24956 /* BHTabsView.m in Sources */ = {isa = PBXBuildFile; fileRef = F714E1F914A1D0CD00E24956 /* BHTabsView.m */; settings = {COMPILER_FLAGS = "-fno-objc-arc"; }; };
		F714E20214A1D0CD00E24956 /* BHTabView.m in Sources */ = {isa = PBXBuildFile; fileRef = F714E1FD14A1D0CD00E24956 /* BHTabView.m */; settings = {COMPILER_FLAGS = "-fno-objc-arc"; }; };
		F743C97214A2F637006B533B /* TabsViewController.m in Sources */ = {isa = PBXBuildFile; fileRef = F743C97014A2F637006B533B /* TabsViewController.m */; };
		F743C97314A2F637006B533B /* TabsViewController.xib in Resources */ = {isa = PBXBuildFile; fileRef = F743C97114A2F637006B533B /* TabsViewController.xib */; };
		F743C98214A3B04F006B533B /* RanksViewController.m in Sources */ = {isa = PBXBuildFile; fileRef = F743C98014A3B04F006B533B /* RanksViewController.m */; };
		F743C98714A3B158006B533B /* ScoresViewController.m in Sources */ = {isa = PBXBuildFile; fileRef = F743C98614A3B158006B533B /* ScoresViewController.m */; };
		F743C9C914A47303006B533B /* MyActionViewController.m in Sources */ = {isa = PBXBuildFile; fileRef = F743C9C714A47303006B533B /* MyActionViewController.m */; };
		F743C9CA14A47303006B533B /* MyActionViewController.xib in Resources */ = {isa = PBXBuildFile; fileRef = F743C9C814A47303006B533B /* MyActionViewController.xib */; };
		F743C9CC14A47CFC006B533B /* RanksViewController.xib in Resources */ = {isa = PBXBuildFile; fileRef = F743C9CB14A47CFC006B533B /* RanksViewController.xib */; };
		F743C9CE14A47E07006B533B /* ScoresViewController.xib in Resources */ = {isa = PBXBuildFile; fileRef = F743C9CD14A47E07006B533B /* ScoresViewController.xib */; };
		F743C9E814A5BB5D006B533B /* MyActionSummaryViewController.m in Sources */ = {isa = PBXBuildFile; fileRef = F743C9E614A5BB5D006B533B /* MyActionSummaryViewController.m */; };
		F743C9E914A5BB5D006B533B /* MyActionSummaryViewController.xib in Resources */ = {isa = PBXBuildFile; fileRef = F743C9E714A5BB5D006B533B /* MyActionSummaryViewController.xib */; };
		F743C9ED14A5BD93006B533B /* MyActionDetailViewController.m in Sources */ = {isa = PBXBuildFile; fileRef = F743C9EB14A5BD93006B533B /* MyActionDetailViewController.m */; };
		F743C9EE14A5BD93006B533B /* MyActionDetailViewController.xib in Resources */ = {isa = PBXBuildFile; fileRef = F743C9EC14A5BD93006B533B /* MyActionDetailViewController.xib */; };
		F743C9F714A67CFA006B533B /* RankingsDetailViewController.m in Sources */ = {isa = PBXBuildFile; fileRef = F743C9F514A67CFA006B533B /* RankingsDetailViewController.m */; };
		F743C9F814A67CFA006B533B /* RankingsDetailViewController.xib in Resources */ = {isa = PBXBuildFile; fileRef = F743C9F614A67CFA006B533B /* RankingsDetailViewController.xib */; };
		F743CA0114A6AF95006B533B /* ScoreSummaryViewController.m in Sources */ = {isa = PBXBuildFile; fileRef = F743C9FF14A6AF95006B533B /* ScoreSummaryViewController.m */; };
		F743CA0214A6AF95006B533B /* ScoreSummaryViewController.xib in Resources */ = {isa = PBXBuildFile; fileRef = F743CA0014A6AF95006B533B /* ScoreSummaryViewController.xib */; };
		F743CA0714A6C26C006B533B /* ScoreDetailViewController.m in Sources */ = {isa = PBXBuildFile; fileRef = F743CA0514A6C26C006B533B /* ScoreDetailViewController.m */; };
		F743CA0814A6C26C006B533B /* ScoreDetailViewController.xib in Resources */ = {isa = PBXBuildFile; fileRef = F743CA0614A6C26C006B533B /* ScoreDetailViewController.xib */; };
		F74C0F0414B424C0006F3D99 /* SMContactsSelector.m in Sources */ = {isa = PBXBuildFile; fileRef = F74C0F0314B424C0006F3D99 /* SMContactsSelector.m */; settings = {COMPILER_FLAGS = "-fno-objc-arc"; }; };
		F785721F14A26ED20028AD5E /* BHTabsViewController.m in Sources */ = {isa = PBXBuildFile; fileRef = F785721E14A26ED20028AD5E /* BHTabsViewController.m */; settings = {COMPILER_FLAGS = "-fno-objc-arc"; }; };
		F7CDD73C14ABD23C0038FE6B /* MakeAWagerViewController.m in Sources */ = {isa = PBXBuildFile; fileRef = F7CDD73A14ABD23C0038FE6B /* MakeAWagerViewController.m */; };
		F7CDD73D14ABD23C0038FE6B /* MakeAWagerViewController.xib in Resources */ = {isa = PBXBuildFile; fileRef = F7CDD73B14ABD23C0038FE6B /* MakeAWagerViewController.xib */; };
		F7CDD77614ABF3410038FE6B /* AddressBook.framework in Frameworks */ = {isa = PBXBuildFile; fileRef = F7CDD77414ABF3410038FE6B /* AddressBook.framework */; };
		F7CDD77714ABF3410038FE6B /* AddressBookUI.framework in Frameworks */ = {isa = PBXBuildFile; fileRef = F7CDD77514ABF3410038FE6B /* AddressBookUI.framework */; };
		F7CDD79614AC0AA60038FE6B /* checked.png in Resources */ = {isa = PBXBuildFile; fileRef = F7CDD78D14AC0AA60038FE6B /* checked.png */; };
		F7CDD79714AC0AA60038FE6B /* NSString+Additions.h.m in Sources */ = {isa = PBXBuildFile; fileRef = F7CDD78F14AC0AA60038FE6B /* NSString+Additions.h.m */; settings = {COMPILER_FLAGS = "-fno-objc-arc"; }; };
		F7CDD79914AC0AA60038FE6B /* SMContactsSelector.xib in Resources */ = {isa = PBXBuildFile; fileRef = F7CDD79214AC0AA60038FE6B /* SMContactsSelector.xib */; };
		F7CDD79A14AC0AA60038FE6B /* UIAlertView+UITableView.m in Sources */ = {isa = PBXBuildFile; fileRef = F7CDD79414AC0AA60038FE6B /* UIAlertView+UITableView.m */; settings = {COMPILER_FLAGS = "-fno-objc-arc"; }; };
		F7CDD79B14AC0AA60038FE6B /* unchecked.png in Resources */ = {isa = PBXBuildFile; fileRef = F7CDD79514AC0AA60038FE6B /* unchecked.png */; };
		F7CDD80D14B16C380038FE6B /* NewWagerViewController.m in Sources */ = {isa = PBXBuildFile; fileRef = F7CDD80B14B16C380038FE6B /* NewWagerViewController.m */; };
		F7CDD80E14B16C380038FE6B /* NewWagerViewController.xib in Resources */ = {isa = PBXBuildFile; fileRef = F7CDD80C14B16C380038FE6B /* NewWagerViewController.xib */; };
/* End PBXBuildFile section */

/* Begin PBXContainerItemProxy section */
		F714E18B14A1A88400E24956 /* PBXContainerItemProxy */ = {
			isa = PBXContainerItemProxy;
			containerPortal = F714E15614A1A88400E24956 /* Project object */;
			proxyType = 1;
			remoteGlobalIDString = F714E15E14A1A88400E24956;
			remoteInfo = FriendlyWager;
		};
/* End PBXContainerItemProxy section */

/* Begin PBXFileReference section */
		F714E15F14A1A88400E24956 /* FriendlyWager.app */ = {isa = PBXFileReference; explicitFileType = wrapper.application; includeInIndex = 0; path = FriendlyWager.app; sourceTree = BUILT_PRODUCTS_DIR; };
		F714E16314A1A88400E24956 /* UIKit.framework */ = {isa = PBXFileReference; lastKnownFileType = wrapper.framework; name = UIKit.framework; path = System/Library/Frameworks/UIKit.framework; sourceTree = SDKROOT; };
		F714E16514A1A88400E24956 /* Foundation.framework */ = {isa = PBXFileReference; lastKnownFileType = wrapper.framework; name = Foundation.framework; path = System/Library/Frameworks/Foundation.framework; sourceTree = SDKROOT; };
		F714E16714A1A88400E24956 /* CoreGraphics.framework */ = {isa = PBXFileReference; lastKnownFileType = wrapper.framework; name = CoreGraphics.framework; path = System/Library/Frameworks/CoreGraphics.framework; sourceTree = SDKROOT; };
		F714E16B14A1A88400E24956 /* FriendlyWager-Info.plist */ = {isa = PBXFileReference; lastKnownFileType = text.plist.xml; path = "FriendlyWager-Info.plist"; sourceTree = "<group>"; };
		F714E16D14A1A88400E24956 /* en */ = {isa = PBXFileReference; lastKnownFileType = text.plist.strings; name = en; path = en.lproj/InfoPlist.strings; sourceTree = "<group>"; };
		F714E16F14A1A88400E24956 /* main.m */ = {isa = PBXFileReference; lastKnownFileType = sourcecode.c.objc; path = main.m; sourceTree = "<group>"; };
		F714E17114A1A88400E24956 /* FriendlyWager-Prefix.pch */ = {isa = PBXFileReference; lastKnownFileType = sourcecode.c.h; path = "FriendlyWager-Prefix.pch"; sourceTree = "<group>"; };
		F714E17214A1A88400E24956 /* AppDelegate.h */ = {isa = PBXFileReference; lastKnownFileType = sourcecode.c.h; path = AppDelegate.h; sourceTree = "<group>"; };
		F714E17314A1A88400E24956 /* AppDelegate.m */ = {isa = PBXFileReference; lastKnownFileType = sourcecode.c.objc; path = AppDelegate.m; sourceTree = "<group>"; };
		F714E18614A1A88400E24956 /* FriendlyWagerTests.octest */ = {isa = PBXFileReference; explicitFileType = wrapper.cfbundle; includeInIndex = 0; path = FriendlyWagerTests.octest; sourceTree = BUILT_PRODUCTS_DIR; };
		F714E18714A1A88400E24956 /* SenTestingKit.framework */ = {isa = PBXFileReference; lastKnownFileType = wrapper.framework; name = SenTestingKit.framework; path = Library/Frameworks/SenTestingKit.framework; sourceTree = DEVELOPER_DIR; };
		F714E18F14A1A88400E24956 /* FriendlyWagerTests-Info.plist */ = {isa = PBXFileReference; lastKnownFileType = text.plist.xml; path = "FriendlyWagerTests-Info.plist"; sourceTree = "<group>"; };
		F714E19114A1A88400E24956 /* en */ = {isa = PBXFileReference; lastKnownFileType = text.plist.strings; name = en; path = en.lproj/InfoPlist.strings; sourceTree = "<group>"; };
		F714E19314A1A88400E24956 /* FriendlyWagerTests.h */ = {isa = PBXFileReference; lastKnownFileType = sourcecode.c.h; path = FriendlyWagerTests.h; sourceTree = "<group>"; };
		F714E19414A1A88400E24956 /* FriendlyWagerTests.m */ = {isa = PBXFileReference; lastKnownFileType = sourcecode.c.objc; path = FriendlyWagerTests.m; sourceTree = "<group>"; };
		F714E1E814A1B7F700E24956 /* MasterViewController.h */ = {isa = PBXFileReference; fileEncoding = 4; lastKnownFileType = sourcecode.c.h; name = MasterViewController.h; path = FriendlyWager/MasterViewController.h; sourceTree = "<group>"; };
		F714E1E914A1B7F700E24956 /* MasterViewController.m */ = {isa = PBXFileReference; fileEncoding = 4; lastKnownFileType = sourcecode.c.objc; name = MasterViewController.m; path = FriendlyWager/MasterViewController.m; sourceTree = "<group>"; };
		F714E1EA14A1B7F700E24956 /* MasterViewController.xib */ = {isa = PBXFileReference; fileEncoding = 4; lastKnownFileType = file.xib; name = MasterViewController.xib; path = FriendlyWager/MasterViewController.xib; sourceTree = "<group>"; };
		F714E1EE14A1BE6B00E24956 /* LedgerViewController.h */ = {isa = PBXFileReference; fileEncoding = 4; lastKnownFileType = sourcecode.c.h; path = LedgerViewController.h; sourceTree = "<group>"; };
		F714E1EF14A1BE6B00E24956 /* LedgerViewController.m */ = {isa = PBXFileReference; fileEncoding = 4; lastKnownFileType = sourcecode.c.objc; path = LedgerViewController.m; sourceTree = "<group>"; };
		F714E1F014A1BE6B00E24956 /* LedgerViewController.xib */ = {isa = PBXFileReference; fileEncoding = 4; lastKnownFileType = file.xib; path = LedgerViewController.xib; sourceTree = "<group>"; };
		F714E1F414A1D0CD00E24956 /* BHTabsFooterView.h */ = {isa = PBXFileReference; fileEncoding = 4; lastKnownFileType = sourcecode.c.h; path = BHTabsFooterView.h; sourceTree = "<group>"; };
		F714E1F514A1D0CD00E24956 /* BHTabsFooterView.m */ = {isa = PBXFileReference; fileEncoding = 4; lastKnownFileType = sourcecode.c.objc; path = BHTabsFooterView.m; sourceTree = "<group>"; };
		F714E1F614A1D0CD00E24956 /* BHTabStyle.h */ = {isa = PBXFileReference; fileEncoding = 4; lastKnownFileType = sourcecode.c.h; path = BHTabStyle.h; sourceTree = "<group>"; };
		F714E1F714A1D0CD00E24956 /* BHTabStyle.m */ = {isa = PBXFileReference; fileEncoding = 4; lastKnownFileType = sourcecode.c.objc; path = BHTabStyle.m; sourceTree = "<group>"; };
		F714E1F814A1D0CD00E24956 /* BHTabsView.h */ = {isa = PBXFileReference; fileEncoding = 4; lastKnownFileType = sourcecode.c.h; path = BHTabsView.h; sourceTree = "<group>"; };
		F714E1F914A1D0CD00E24956 /* BHTabsView.m */ = {isa = PBXFileReference; fileEncoding = 4; lastKnownFileType = sourcecode.c.objc; path = BHTabsView.m; sourceTree = "<group>"; };
		F714E1FC14A1D0CD00E24956 /* BHTabView.h */ = {isa = PBXFileReference; fileEncoding = 4; lastKnownFileType = sourcecode.c.h; path = BHTabView.h; sourceTree = "<group>"; };
		F714E1FD14A1D0CD00E24956 /* BHTabView.m */ = {isa = PBXFileReference; fileEncoding = 4; lastKnownFileType = sourcecode.c.objc; path = BHTabView.m; sourceTree = "<group>"; };
		F743C96F14A2F637006B533B /* TabsViewController.h */ = {isa = PBXFileReference; fileEncoding = 4; lastKnownFileType = sourcecode.c.h; path = TabsViewController.h; sourceTree = "<group>"; };
		F743C97014A2F637006B533B /* TabsViewController.m */ = {isa = PBXFileReference; fileEncoding = 4; lastKnownFileType = sourcecode.c.objc; path = TabsViewController.m; sourceTree = "<group>"; };
		F743C97114A2F637006B533B /* TabsViewController.xib */ = {isa = PBXFileReference; fileEncoding = 4; lastKnownFileType = file.xib; path = TabsViewController.xib; sourceTree = "<group>"; };
		F743C97F14A3B04F006B533B /* RanksViewController.h */ = {isa = PBXFileReference; fileEncoding = 4; lastKnownFileType = sourcecode.c.h; path = RanksViewController.h; sourceTree = "<group>"; };
		F743C98014A3B04F006B533B /* RanksViewController.m */ = {isa = PBXFileReference; fileEncoding = 4; lastKnownFileType = sourcecode.c.objc; path = RanksViewController.m; sourceTree = "<group>"; };
		F743C98514A3B158006B533B /* ScoresViewController.h */ = {isa = PBXFileReference; fileEncoding = 4; lastKnownFileType = sourcecode.c.h; path = ScoresViewController.h; sourceTree = "<group>"; };
		F743C98614A3B158006B533B /* ScoresViewController.m */ = {isa = PBXFileReference; fileEncoding = 4; lastKnownFileType = sourcecode.c.objc; path = ScoresViewController.m; sourceTree = "<group>"; };
		F743C9C614A47303006B533B /* MyActionViewController.h */ = {isa = PBXFileReference; fileEncoding = 4; lastKnownFileType = sourcecode.c.h; path = MyActionViewController.h; sourceTree = "<group>"; };
		F743C9C714A47303006B533B /* MyActionViewController.m */ = {isa = PBXFileReference; fileEncoding = 4; lastKnownFileType = sourcecode.c.objc; path = MyActionViewController.m; sourceTree = "<group>"; };
		F743C9C814A47303006B533B /* MyActionViewController.xib */ = {isa = PBXFileReference; fileEncoding = 4; lastKnownFileType = file.xib; path = MyActionViewController.xib; sourceTree = "<group>"; };
		F743C9CB14A47CFC006B533B /* RanksViewController.xib */ = {isa = PBXFileReference; fileEncoding = 4; lastKnownFileType = file.xib; path = RanksViewController.xib; sourceTree = "<group>"; };
		F743C9CD14A47E07006B533B /* ScoresViewController.xib */ = {isa = PBXFileReference; fileEncoding = 4; lastKnownFileType = file.xib; path = ScoresViewController.xib; sourceTree = "<group>"; };
		F743C9E514A5BB5D006B533B /* MyActionSummaryViewController.h */ = {isa = PBXFileReference; fileEncoding = 4; lastKnownFileType = sourcecode.c.h; path = MyActionSummaryViewController.h; sourceTree = "<group>"; };
		F743C9E614A5BB5D006B533B /* MyActionSummaryViewController.m */ = {isa = PBXFileReference; fileEncoding = 4; lastKnownFileType = sourcecode.c.objc; path = MyActionSummaryViewController.m; sourceTree = "<group>"; };
		F743C9E714A5BB5D006B533B /* MyActionSummaryViewController.xib */ = {isa = PBXFileReference; fileEncoding = 4; lastKnownFileType = file.xib; path = MyActionSummaryViewController.xib; sourceTree = "<group>"; };
		F743C9EA14A5BD93006B533B /* MyActionDetailViewController.h */ = {isa = PBXFileReference; fileEncoding = 4; lastKnownFileType = sourcecode.c.h; path = MyActionDetailViewController.h; sourceTree = "<group>"; };
		F743C9EB14A5BD93006B533B /* MyActionDetailViewController.m */ = {isa = PBXFileReference; fileEncoding = 4; lastKnownFileType = sourcecode.c.objc; path = MyActionDetailViewController.m; sourceTree = "<group>"; };
		F743C9EC14A5BD93006B533B /* MyActionDetailViewController.xib */ = {isa = PBXFileReference; fileEncoding = 4; lastKnownFileType = file.xib; path = MyActionDetailViewController.xib; sourceTree = "<group>"; };
		F743C9F414A67CFA006B533B /* RankingsDetailViewController.h */ = {isa = PBXFileReference; fileEncoding = 4; lastKnownFileType = sourcecode.c.h; path = RankingsDetailViewController.h; sourceTree = "<group>"; };
		F743C9F514A67CFA006B533B /* RankingsDetailViewController.m */ = {isa = PBXFileReference; fileEncoding = 4; lastKnownFileType = sourcecode.c.objc; path = RankingsDetailViewController.m; sourceTree = "<group>"; };
		F743C9F614A67CFA006B533B /* RankingsDetailViewController.xib */ = {isa = PBXFileReference; fileEncoding = 4; lastKnownFileType = file.xib; path = RankingsDetailViewController.xib; sourceTree = "<group>"; };
		F743C9FE14A6AF95006B533B /* ScoreSummaryViewController.h */ = {isa = PBXFileReference; fileEncoding = 4; lastKnownFileType = sourcecode.c.h; path = ScoreSummaryViewController.h; sourceTree = "<group>"; };
		F743C9FF14A6AF95006B533B /* ScoreSummaryViewController.m */ = {isa = PBXFileReference; fileEncoding = 4; lastKnownFileType = sourcecode.c.objc; path = ScoreSummaryViewController.m; sourceTree = "<group>"; };
		F743CA0014A6AF95006B533B /* ScoreSummaryViewController.xib */ = {isa = PBXFileReference; fileEncoding = 4; lastKnownFileType = file.xib; path = ScoreSummaryViewController.xib; sourceTree = "<group>"; };
		F743CA0414A6C26C006B533B /* ScoreDetailViewController.h */ = {isa = PBXFileReference; fileEncoding = 4; lastKnownFileType = sourcecode.c.h; path = ScoreDetailViewController.h; sourceTree = "<group>"; };
		F743CA0514A6C26C006B533B /* ScoreDetailViewController.m */ = {isa = PBXFileReference; fileEncoding = 4; lastKnownFileType = sourcecode.c.objc; path = ScoreDetailViewController.m; sourceTree = "<group>"; };
		F743CA0614A6C26C006B533B /* ScoreDetailViewController.xib */ = {isa = PBXFileReference; fileEncoding = 4; lastKnownFileType = file.xib; path = ScoreDetailViewController.xib; sourceTree = "<group>"; };
		F74C0F0214B424C0006F3D99 /* SMContactsSelector.h */ = {isa = PBXFileReference; fileEncoding = 4; lastKnownFileType = sourcecode.c.h; path = SMContactsSelector.h; sourceTree = "<group>"; };
		F74C0F0314B424C0006F3D99 /* SMContactsSelector.m */ = {isa = PBXFileReference; fileEncoding = 4; lastKnownFileType = sourcecode.c.objc; path = SMContactsSelector.m; sourceTree = "<group>"; };
		F785721D14A26ED20028AD5E /* BHTabsViewController.h */ = {isa = PBXFileReference; fileEncoding = 4; lastKnownFileType = sourcecode.c.h; path = BHTabsViewController.h; sourceTree = "<group>"; };
		F785721E14A26ED20028AD5E /* BHTabsViewController.m */ = {isa = PBXFileReference; fileEncoding = 4; lastKnownFileType = sourcecode.c.objc; path = BHTabsViewController.m; sourceTree = "<group>"; };
		F7CDD73914ABD23C0038FE6B /* MakeAWagerViewController.h */ = {isa = PBXFileReference; fileEncoding = 4; lastKnownFileType = sourcecode.c.h; path = MakeAWagerViewController.h; sourceTree = "<group>"; };
		F7CDD73A14ABD23C0038FE6B /* MakeAWagerViewController.m */ = {isa = PBXFileReference; fileEncoding = 4; lastKnownFileType = sourcecode.c.objc; path = MakeAWagerViewController.m; sourceTree = "<group>"; };
		F7CDD73B14ABD23C0038FE6B /* MakeAWagerViewController.xib */ = {isa = PBXFileReference; fileEncoding = 4; lastKnownFileType = file.xib; path = MakeAWagerViewController.xib; sourceTree = "<group>"; };
		F7CDD77414ABF3410038FE6B /* AddressBook.framework */ = {isa = PBXFileReference; lastKnownFileType = wrapper.framework; name = AddressBook.framework; path = System/Library/Frameworks/AddressBook.framework; sourceTree = SDKROOT; };
		F7CDD77514ABF3410038FE6B /* AddressBookUI.framework */ = {isa = PBXFileReference; lastKnownFileType = wrapper.framework; name = AddressBookUI.framework; path = System/Library/Frameworks/AddressBookUI.framework; sourceTree = SDKROOT; };
		F7CDD78D14AC0AA60038FE6B /* checked.png */ = {isa = PBXFileReference; lastKnownFileType = image.png; path = checked.png; sourceTree = "<group>"; };
		F7CDD78E14AC0AA60038FE6B /* NSString+Additions.h */ = {isa = PBXFileReference; fileEncoding = 4; lastKnownFileType = sourcecode.c.h; path = "NSString+Additions.h"; sourceTree = "<group>"; };
		F7CDD78F14AC0AA60038FE6B /* NSString+Additions.h.m */ = {isa = PBXFileReference; fileEncoding = 4; lastKnownFileType = sourcecode.c.objc; path = "NSString+Additions.h.m"; sourceTree = "<group>"; };
		F7CDD79214AC0AA60038FE6B /* SMContactsSelector.xib */ = {isa = PBXFileReference; fileEncoding = 4; lastKnownFileType = file.xib; path = SMContactsSelector.xib; sourceTree = "<group>"; };
		F7CDD79314AC0AA60038FE6B /* UIAlertView+UITableView.h */ = {isa = PBXFileReference; fileEncoding = 4; lastKnownFileType = sourcecode.c.h; path = "UIAlertView+UITableView.h"; sourceTree = "<group>"; };
		F7CDD79414AC0AA60038FE6B /* UIAlertView+UITableView.m */ = {isa = PBXFileReference; fileEncoding = 4; lastKnownFileType = sourcecode.c.objc; path = "UIAlertView+UITableView.m"; sourceTree = "<group>"; };
		F7CDD79514AC0AA60038FE6B /* unchecked.png */ = {isa = PBXFileReference; lastKnownFileType = image.png; path = unchecked.png; sourceTree = "<group>"; };
		F7CDD80A14B16C380038FE6B /* NewWagerViewController.h */ = {isa = PBXFileReference; fileEncoding = 4; lastKnownFileType = sourcecode.c.h; path = NewWagerViewController.h; sourceTree = "<group>"; };
		F7CDD80B14B16C380038FE6B /* NewWagerViewController.m */ = {isa = PBXFileReference; fileEncoding = 4; lastKnownFileType = sourcecode.c.objc; path = NewWagerViewController.m; sourceTree = "<group>"; };
		F7CDD80C14B16C380038FE6B /* NewWagerViewController.xib */ = {isa = PBXFileReference; fileEncoding = 4; lastKnownFileType = file.xib; path = NewWagerViewController.xib; sourceTree = "<group>"; };
/* End PBXFileReference section */

/* Begin PBXFrameworksBuildPhase section */
		F714E15C14A1A88400E24956 /* Frameworks */ = {
			isa = PBXFrameworksBuildPhase;
			buildActionMask = 2147483647;
			files = (
				F7CDD77614ABF3410038FE6B /* AddressBook.framework in Frameworks */,
				F7CDD77714ABF3410038FE6B /* AddressBookUI.framework in Frameworks */,
				F714E16414A1A88400E24956 /* UIKit.framework in Frameworks */,
				F714E16614A1A88400E24956 /* Foundation.framework in Frameworks */,
				F714E16814A1A88400E24956 /* CoreGraphics.framework in Frameworks */,
			);
			runOnlyForDeploymentPostprocessing = 0;
		};
		F714E18214A1A88400E24956 /* Frameworks */ = {
			isa = PBXFrameworksBuildPhase;
			buildActionMask = 2147483647;
			files = (
				F714E18814A1A88400E24956 /* SenTestingKit.framework in Frameworks */,
				F714E18914A1A88400E24956 /* UIKit.framework in Frameworks */,
				F714E18A14A1A88400E24956 /* Foundation.framework in Frameworks */,
			);
			runOnlyForDeploymentPostprocessing = 0;
		};
/* End PBXFrameworksBuildPhase section */

/* Begin PBXGroup section */
		F714E15414A1A88400E24956 = {
			isa = PBXGroup;
			children = (
				F714E16914A1A88400E24956 /* FriendlyWager */,
				F7CDD73E14ABDC820038FE6B /* Helper Classes */,
				F714E18D14A1A88400E24956 /* FriendlyWagerTests */,
				F714E16214A1A88400E24956 /* Frameworks */,
				F714E16014A1A88400E24956 /* Products */,
			);
			sourceTree = "<group>";
		};
		F714E16014A1A88400E24956 /* Products */ = {
			isa = PBXGroup;
			children = (
				F714E15F14A1A88400E24956 /* FriendlyWager.app */,
				F714E18614A1A88400E24956 /* FriendlyWagerTests.octest */,
			);
			name = Products;
			sourceTree = "<group>";
		};
		F714E16214A1A88400E24956 /* Frameworks */ = {
			isa = PBXGroup;
			children = (
				F7CDD77414ABF3410038FE6B /* AddressBook.framework */,
				F7CDD77514ABF3410038FE6B /* AddressBookUI.framework */,
				F714E16314A1A88400E24956 /* UIKit.framework */,
				F714E16514A1A88400E24956 /* Foundation.framework */,
				F714E16714A1A88400E24956 /* CoreGraphics.framework */,
				F714E18714A1A88400E24956 /* SenTestingKit.framework */,
			);
			name = Frameworks;
			sourceTree = "<group>";
		};
		F714E16914A1A88400E24956 /* FriendlyWager */ = {
			isa = PBXGroup;
			children = (
				F714E17214A1A88400E24956 /* AppDelegate.h */,
				F714E17314A1A88400E24956 /* AppDelegate.m */,
				F714E1A214A1B00000E24956 /* Home */,
				F714E1ED14A1BE2600E24956 /* Ledger */,
				F7CDD73714ABD1FD0038FE6B /* Make a Wager */,
				F743C96714A2EF39006B533B /* Tab Screen */,
				F743C97814A3AB7B006B533B /* My Action */,
				F743C9D814A586B4006B533B /* Action Summary */,
				F743C9DF14A5BA2A006B533B /* Action Detail */,
				F743C97E14A3B016006B533B /* Rankings */,
				F743C9F314A67CD6006B533B /* Rankings Detail */,
				F743C98414A3B135006B533B /* Scores */,
				F743C9FD14A6AF6F006B533B /* Score Summary */,
				F7CDD80914B16BEE0038FE6B /* New Wager */,
				F743CA0314A6C22F006B533B /* Score Detail */,
				F714E16A14A1A88400E24956 /* Supporting Files */,
			);
			path = FriendlyWager;
			sourceTree = "<group>";
		};
		F714E16A14A1A88400E24956 /* Supporting Files */ = {
			isa = PBXGroup;
			children = (
				F714E16B14A1A88400E24956 /* FriendlyWager-Info.plist */,
				F714E16C14A1A88400E24956 /* InfoPlist.strings */,
				F714E16F14A1A88400E24956 /* main.m */,
				F714E17114A1A88400E24956 /* FriendlyWager-Prefix.pch */,
			);
			name = "Supporting Files";
			sourceTree = "<group>";
		};
		F714E18D14A1A88400E24956 /* FriendlyWagerTests */ = {
			isa = PBXGroup;
			children = (
				F714E19314A1A88400E24956 /* FriendlyWagerTests.h */,
				F714E19414A1A88400E24956 /* FriendlyWagerTests.m */,
				F714E18E14A1A88400E24956 /* Supporting Files */,
			);
			path = FriendlyWagerTests;
			sourceTree = "<group>";
		};
		F714E18E14A1A88400E24956 /* Supporting Files */ = {
			isa = PBXGroup;
			children = (
				F714E18F14A1A88400E24956 /* FriendlyWagerTests-Info.plist */,
				F714E19014A1A88400E24956 /* InfoPlist.strings */,
			);
			name = "Supporting Files";
			sourceTree = "<group>";
		};
		F714E1A214A1B00000E24956 /* Home */ = {
			isa = PBXGroup;
			children = (
				F714E1E814A1B7F700E24956 /* MasterViewController.h */,
				F714E1E914A1B7F700E24956 /* MasterViewController.m */,
				F714E1EA14A1B7F700E24956 /* MasterViewController.xib */,
			);
			name = Home;
			path = ..;
			sourceTree = "<group>";
		};
		F714E1ED14A1BE2600E24956 /* Ledger */ = {
			isa = PBXGroup;
			children = (
				F714E1EE14A1BE6B00E24956 /* LedgerViewController.h */,
				F714E1EF14A1BE6B00E24956 /* LedgerViewController.m */,
				F714E1F014A1BE6B00E24956 /* LedgerViewController.xib */,
			);
			name = Ledger;
			sourceTree = "<group>";
		};
		F714E1F314A1D0A000E24956 /* Tab src */ = {
			isa = PBXGroup;
			children = (
				F785721D14A26ED20028AD5E /* BHTabsViewController.h */,
				F785721E14A26ED20028AD5E /* BHTabsViewController.m */,
				F714E1F414A1D0CD00E24956 /* BHTabsFooterView.h */,
				F714E1F514A1D0CD00E24956 /* BHTabsFooterView.m */,
				F714E1F614A1D0CD00E24956 /* BHTabStyle.h */,
				F714E1F714A1D0CD00E24956 /* BHTabStyle.m */,
				F714E1F814A1D0CD00E24956 /* BHTabsView.h */,
				F714E1F914A1D0CD00E24956 /* BHTabsView.m */,
				F714E1FC14A1D0CD00E24956 /* BHTabView.h */,
				F714E1FD14A1D0CD00E24956 /* BHTabView.m */,
			);
			name = "Tab src";
			sourceTree = "<group>";
		};
		F743C96714A2EF39006B533B /* Tab Screen */ = {
			isa = PBXGroup;
			children = (
				F743C96F14A2F637006B533B /* TabsViewController.h */,
				F743C97014A2F637006B533B /* TabsViewController.m */,
				F743C97114A2F637006B533B /* TabsViewController.xib */,
			);
			name = "Tab Screen";
			sourceTree = "<group>";
		};
		F743C97814A3AB7B006B533B /* My Action */ = {
			isa = PBXGroup;
			children = (
				F743C9C614A47303006B533B /* MyActionViewController.h */,
				F743C9C714A47303006B533B /* MyActionViewController.m */,
				F743C9C814A47303006B533B /* MyActionViewController.xib */,
			);
			name = "My Action";
			sourceTree = "<group>";
		};
		F743C97E14A3B016006B533B /* Rankings */ = {
			isa = PBXGroup;
			children = (
				F743C97F14A3B04F006B533B /* RanksViewController.h */,
				F743C98014A3B04F006B533B /* RanksViewController.m */,
				F743C9CB14A47CFC006B533B /* RanksViewController.xib */,
			);
			name = Rankings;
			sourceTree = "<group>";
		};
		F743C98414A3B135006B533B /* Scores */ = {
			isa = PBXGroup;
			children = (
				F743C98514A3B158006B533B /* ScoresViewController.h */,
				F743C98614A3B158006B533B /* ScoresViewController.m */,
				F743C9CD14A47E07006B533B /* ScoresViewController.xib */,
			);
			name = Scores;
			sourceTree = "<group>";
		};
		F743C9D814A586B4006B533B /* Action Summary */ = {
			isa = PBXGroup;
			children = (
				F743C9E514A5BB5D006B533B /* MyActionSummaryViewController.h */,
				F743C9E614A5BB5D006B533B /* MyActionSummaryViewController.m */,
				F743C9E714A5BB5D006B533B /* MyActionSummaryViewController.xib */,
			);
			name = "Action Summary";
			sourceTree = "<group>";
		};
		F743C9DF14A5BA2A006B533B /* Action Detail */ = {
			isa = PBXGroup;
			children = (
				F743C9EA14A5BD93006B533B /* MyActionDetailViewController.h */,
				F743C9EB14A5BD93006B533B /* MyActionDetailViewController.m */,
				F743C9EC14A5BD93006B533B /* MyActionDetailViewController.xib */,
			);
			name = "Action Detail";
			sourceTree = "<group>";
		};
		F743C9F314A67CD6006B533B /* Rankings Detail */ = {
			isa = PBXGroup;
			children = (
				F743C9F414A67CFA006B533B /* RankingsDetailViewController.h */,
				F743C9F514A67CFA006B533B /* RankingsDetailViewController.m */,
				F743C9F614A67CFA006B533B /* RankingsDetailViewController.xib */,
			);
			name = "Rankings Detail";
			sourceTree = "<group>";
		};
		F743C9FD14A6AF6F006B533B /* Score Summary */ = {
			isa = PBXGroup;
			children = (
				F743C9FE14A6AF95006B533B /* ScoreSummaryViewController.h */,
				F743C9FF14A6AF95006B533B /* ScoreSummaryViewController.m */,
				F743CA0014A6AF95006B533B /* ScoreSummaryViewController.xib */,
			);
			name = "Score Summary";
			path = ..;
			sourceTree = "<group>";
		};
		F743CA0314A6C22F006B533B /* Score Detail */ = {
			isa = PBXGroup;
			children = (
				F743CA0414A6C26C006B533B /* ScoreDetailViewController.h */,
				F743CA0514A6C26C006B533B /* ScoreDetailViewController.m */,
				F743CA0614A6C26C006B533B /* ScoreDetailViewController.xib */,
			);
			name = "Score Detail";
			sourceTree = "<group>";
		};
		F7CDD73714ABD1FD0038FE6B /* Make a Wager */ = {
			isa = PBXGroup;
			children = (
				F7CDD73914ABD23C0038FE6B /* MakeAWagerViewController.h */,
				F7CDD73A14ABD23C0038FE6B /* MakeAWagerViewController.m */,
				F7CDD73B14ABD23C0038FE6B /* MakeAWagerViewController.xib */,
			);
			name = "Make a Wager";
			sourceTree = "<group>";
		};
		F7CDD73E14ABDC820038FE6B /* Helper Classes */ = {
			isa = PBXGroup;
			children = (
				F7CDD73F14ABDC970038FE6B /* Multiple Contact Selector */,
				F714E1F314A1D0A000E24956 /* Tab src */,
			);
			name = "Helper Classes";
			path = FriendlyWager;
			sourceTree = "<group>";
		};
		F7CDD73F14ABDC970038FE6B /* Multiple Contact Selector */ = {
			isa = PBXGroup;
			children = (
				F74C0F0214B424C0006F3D99 /* SMContactsSelector.h */,
				F74C0F0314B424C0006F3D99 /* SMContactsSelector.m */,
				F7CDD79214AC0AA60038FE6B /* SMContactsSelector.xib */,
				F7CDD78D14AC0AA60038FE6B /* checked.png */,
				F7CDD78E14AC0AA60038FE6B /* NSString+Additions.h */,
				F7CDD78F14AC0AA60038FE6B /* NSString+Additions.h.m */,
				F7CDD79314AC0AA60038FE6B /* UIAlertView+UITableView.h */,
				F7CDD79414AC0AA60038FE6B /* UIAlertView+UITableView.m */,
				F7CDD79514AC0AA60038FE6B /* unchecked.png */,
			);
			name = "Multiple Contact Selector";
			sourceTree = "<group>";
		};
		F7CDD80914B16BEE0038FE6B /* New Wager */ = {
			isa = PBXGroup;
			children = (
				F7CDD80A14B16C380038FE6B /* NewWagerViewController.h */,
				F7CDD80B14B16C380038FE6B /* NewWagerViewController.m */,
				F7CDD80C14B16C380038FE6B /* NewWagerViewController.xib */,
			);
			name = "New Wager";
			sourceTree = "<group>";
		};
/* End PBXGroup section */

/* Begin PBXNativeTarget section */
		F714E15E14A1A88400E24956 /* FriendlyWager */ = {
			isa = PBXNativeTarget;
			buildConfigurationList = F714E19814A1A88400E24956 /* Build configuration list for PBXNativeTarget "FriendlyWager" */;
			buildPhases = (
				F714E15B14A1A88400E24956 /* Sources */,
				F714E15C14A1A88400E24956 /* Frameworks */,
				F714E15D14A1A88400E24956 /* Resources */,
			);
			buildRules = (
			);
			dependencies = (
			);
			name = FriendlyWager;
			productName = FriendlyWager;
			productReference = F714E15F14A1A88400E24956 /* FriendlyWager.app */;
			productType = "com.apple.product-type.application";
		};
		F714E18514A1A88400E24956 /* FriendlyWagerTests */ = {
			isa = PBXNativeTarget;
			buildConfigurationList = F714E19B14A1A88400E24956 /* Build configuration list for PBXNativeTarget "FriendlyWagerTests" */;
			buildPhases = (
				F714E18114A1A88400E24956 /* Sources */,
				F714E18214A1A88400E24956 /* Frameworks */,
				F714E18314A1A88400E24956 /* Resources */,
				F714E18414A1A88400E24956 /* ShellScript */,
			);
			buildRules = (
			);
			dependencies = (
				F714E18C14A1A88400E24956 /* PBXTargetDependency */,
			);
			name = FriendlyWagerTests;
			productName = FriendlyWagerTests;
			productReference = F714E18614A1A88400E24956 /* FriendlyWagerTests.octest */;
			productType = "com.apple.product-type.bundle";
		};
/* End PBXNativeTarget section */

/* Begin PBXProject section */
		F714E15614A1A88400E24956 /* Project object */ = {
			isa = PBXProject;
			attributes = {
				LastUpgradeCheck = 0420;
			};
			buildConfigurationList = F714E15914A1A88400E24956 /* Build configuration list for PBXProject "FriendlyWager" */;
			compatibilityVersion = "Xcode 3.2";
			developmentRegion = English;
			hasScannedForEncodings = 0;
			knownRegions = (
				en,
			);
			mainGroup = F714E15414A1A88400E24956;
			productRefGroup = F714E16014A1A88400E24956 /* Products */;
			projectDirPath = "";
			projectRoot = "";
			targets = (
				F714E15E14A1A88400E24956 /* FriendlyWager */,
				F714E18514A1A88400E24956 /* FriendlyWagerTests */,
			);
		};
/* End PBXProject section */

/* Begin PBXResourcesBuildPhase section */
		F714E15D14A1A88400E24956 /* Resources */ = {
			isa = PBXResourcesBuildPhase;
			buildActionMask = 2147483647;
			files = (
				F714E16E14A1A88400E24956 /* InfoPlist.strings in Resources */,
				F714E1EC14A1B7F700E24956 /* MasterViewController.xib in Resources */,
				F714E1F214A1BE6B00E24956 /* LedgerViewController.xib in Resources */,
				F743C97314A2F637006B533B /* TabsViewController.xib in Resources */,
				F743C9CA14A47303006B533B /* MyActionViewController.xib in Resources */,
				F743C9CC14A47CFC006B533B /* RanksViewController.xib in Resources */,
				F743C9CE14A47E07006B533B /* ScoresViewController.xib in Resources */,
				F743C9E914A5BB5D006B533B /* MyActionSummaryViewController.xib in Resources */,
				F743C9EE14A5BD93006B533B /* MyActionDetailViewController.xib in Resources */,
				F743C9F814A67CFA006B533B /* RankingsDetailViewController.xib in Resources */,
				F743CA0214A6AF95006B533B /* ScoreSummaryViewController.xib in Resources */,
				F743CA0814A6C26C006B533B /* ScoreDetailViewController.xib in Resources */,
				F7CDD73D14ABD23C0038FE6B /* MakeAWagerViewController.xib in Resources */,
				F7CDD79614AC0AA60038FE6B /* checked.png in Resources */,
				F7CDD79914AC0AA60038FE6B /* SMContactsSelector.xib in Resources */,
				F7CDD79B14AC0AA60038FE6B /* unchecked.png in Resources */,
				F7CDD80E14B16C380038FE6B /* NewWagerViewController.xib in Resources */,
			);
			runOnlyForDeploymentPostprocessing = 0;
		};
		F714E18314A1A88400E24956 /* Resources */ = {
			isa = PBXResourcesBuildPhase;
			buildActionMask = 2147483647;
			files = (
				F714E19214A1A88400E24956 /* InfoPlist.strings in Resources */,
			);
			runOnlyForDeploymentPostprocessing = 0;
		};
/* End PBXResourcesBuildPhase section */

/* Begin PBXShellScriptBuildPhase section */
		F714E18414A1A88400E24956 /* ShellScript */ = {
			isa = PBXShellScriptBuildPhase;
			buildActionMask = 2147483647;
			files = (
			);
			inputPaths = (
			);
			outputPaths = (
			);
			runOnlyForDeploymentPostprocessing = 0;
			shellPath = /bin/sh;
			shellScript = "# Run the unit tests in this test bundle.\n\"${SYSTEM_DEVELOPER_DIR}/Tools/RunUnitTests\"\n";
		};
/* End PBXShellScriptBuildPhase section */

/* Begin PBXSourcesBuildPhase section */
		F714E15B14A1A88400E24956 /* Sources */ = {
			isa = PBXSourcesBuildPhase;
			buildActionMask = 2147483647;
			files = (
				F714E17014A1A88400E24956 /* main.m in Sources */,
				F714E17414A1A88400E24956 /* AppDelegate.m in Sources */,
				F714E1EB14A1B7F700E24956 /* MasterViewController.m in Sources */,
				F714E1F114A1BE6B00E24956 /* LedgerViewController.m in Sources */,
				F714E1FE14A1D0CD00E24956 /* BHTabsFooterView.m in Sources */,
				F714E1FF14A1D0CD00E24956 /* BHTabStyle.m in Sources */,
				F714E20014A1D0CD00E24956 /* BHTabsView.m in Sources */,
				F714E20214A1D0CD00E24956 /* BHTabView.m in Sources */,
				F785721F14A26ED20028AD5E /* BHTabsViewController.m in Sources */,
				F743C97214A2F637006B533B /* TabsViewController.m in Sources */,
				F743C98214A3B04F006B533B /* RanksViewController.m in Sources */,
				F743C98714A3B158006B533B /* ScoresViewController.m in Sources */,
				F743C9C914A47303006B533B /* MyActionViewController.m in Sources */,
				F743C9E814A5BB5D006B533B /* MyActionSummaryViewController.m in Sources */,
				F743C9ED14A5BD93006B533B /* MyActionDetailViewController.m in Sources */,
				F743C9F714A67CFA006B533B /* RankingsDetailViewController.m in Sources */,
				F743CA0114A6AF95006B533B /* ScoreSummaryViewController.m in Sources */,
				F743CA0714A6C26C006B533B /* ScoreDetailViewController.m in Sources */,
				F7CDD73C14ABD23C0038FE6B /* MakeAWagerViewController.m in Sources */,
				F7CDD79714AC0AA60038FE6B /* NSString+Additions.h.m in Sources */,
				F7CDD79A14AC0AA60038FE6B /* UIAlertView+UITableView.m in Sources */,
				F7CDD80D14B16C380038FE6B /* NewWagerViewController.m in Sources */,
				F74C0F0414B424C0006F3D99 /* SMContactsSelector.m in Sources */,
			);
			runOnlyForDeploymentPostprocessing = 0;
		};
		F714E18114A1A88400E24956 /* Sources */ = {
			isa = PBXSourcesBuildPhase;
			buildActionMask = 2147483647;
			files = (
				F714E19514A1A88400E24956 /* FriendlyWagerTests.m in Sources */,
			);
			runOnlyForDeploymentPostprocessing = 0;
		};
/* End PBXSourcesBuildPhase section */

/* Begin PBXTargetDependency section */
		F714E18C14A1A88400E24956 /* PBXTargetDependency */ = {
			isa = PBXTargetDependency;
			target = F714E15E14A1A88400E24956 /* FriendlyWager */;
			targetProxy = F714E18B14A1A88400E24956 /* PBXContainerItemProxy */;
		};
/* End PBXTargetDependency section */

/* Begin PBXVariantGroup section */
		F714E16C14A1A88400E24956 /* InfoPlist.strings */ = {
			isa = PBXVariantGroup;
			children = (
				F714E16D14A1A88400E24956 /* en */,
			);
			name = InfoPlist.strings;
			sourceTree = "<group>";
		};
		F714E19014A1A88400E24956 /* InfoPlist.strings */ = {
			isa = PBXVariantGroup;
			children = (
				F714E19114A1A88400E24956 /* en */,
			);
			name = InfoPlist.strings;
			sourceTree = "<group>";
		};
/* End PBXVariantGroup section */

/* Begin XCBuildConfiguration section */
		F714E19614A1A88400E24956 /* Debug */ = {
			isa = XCBuildConfiguration;
			buildSettings = {
				ALWAYS_SEARCH_USER_PATHS = NO;
				ARCHS = "$(ARCHS_STANDARD_32_BIT)";
				CLANG_ENABLE_OBJC_ARC = YES;
				CODE_SIGN_IDENTITY = "iPhone Distribution: Friendly Wager, Inc.";
				"CODE_SIGN_IDENTITY[sdk=iphoneos*]" = "iPhone Distribution: Friendly Wager, Inc.";
				COPY_PHASE_STRIP = NO;
				GCC_C_LANGUAGE_STANDARD = gnu99;
				GCC_DYNAMIC_NO_PIC = NO;
				GCC_OPTIMIZATION_LEVEL = 0;
				GCC_PREPROCESSOR_DEFINITIONS = (
					"DEBUG=1",
					"$(inherited)",
				);
				GCC_SYMBOLS_PRIVATE_EXTERN = NO;
				GCC_VERSION = com.apple.compilers.llvm.clang.1_0;
				GCC_WARN_ABOUT_MISSING_PROTOTYPES = YES;
				GCC_WARN_ABOUT_RETURN_TYPE = YES;
				GCC_WARN_UNUSED_VARIABLE = YES;
				IPHONEOS_DEPLOYMENT_TARGET = 5.0;
				PROVISIONING_PROFILE = "DCD92A3A-4A6D-49FF-A411-AFAE58F4AFD9";
				"PROVISIONING_PROFILE[sdk=iphoneos*]" = "DCD92A3A-4A6D-49FF-A411-AFAE58F4AFD9";
				SDKROOT = iphoneos;
			};
			name = Debug;
		};
		F714E19714A1A88400E24956 /* Release */ = {
			isa = XCBuildConfiguration;
			buildSettings = {
				ALWAYS_SEARCH_USER_PATHS = NO;
				ARCHS = "$(ARCHS_STANDARD_32_BIT)";
				CLANG_ENABLE_OBJC_ARC = YES;
				CODE_SIGN_IDENTITY = "iPhone Distribution: Friendly Wager, Inc.";
				"CODE_SIGN_IDENTITY[sdk=iphoneos*]" = "iPhone Distribution: Friendly Wager, Inc.";
				COPY_PHASE_STRIP = YES;
				GCC_C_LANGUAGE_STANDARD = gnu99;
				GCC_VERSION = com.apple.compilers.llvm.clang.1_0;
				GCC_WARN_ABOUT_MISSING_PROTOTYPES = YES;
				GCC_WARN_ABOUT_RETURN_TYPE = YES;
				GCC_WARN_UNUSED_VARIABLE = YES;
				IPHONEOS_DEPLOYMENT_TARGET = 5.0;
				OTHER_CFLAGS = "-DNS_BLOCK_ASSERTIONS=1";
				PROVISIONING_PROFILE = "DCD92A3A-4A6D-49FF-A411-AFAE58F4AFD9";
				"PROVISIONING_PROFILE[sdk=iphoneos*]" = "DCD92A3A-4A6D-49FF-A411-AFAE58F4AFD9";
				SDKROOT = iphoneos;
				VALIDATE_PRODUCT = YES;
			};
			name = Release;
		};
		F714E19914A1A88400E24956 /* Debug */ = {
			isa = XCBuildConfiguration;
			buildSettings = {
				CODE_SIGN_IDENTITY = "iPhone Developer: Reyaad Sidique (48C5PGZ89L)";
				"CODE_SIGN_IDENTITY[sdk=iphoneos*]" = "iPhone Developer: Reyaad Sidique (48C5PGZ89L)";
				GCC_PRECOMPILE_PREFIX_HEADER = YES;
				GCC_PREFIX_HEADER = "FriendlyWager/FriendlyWager-Prefix.pch";
				INFOPLIST_FILE = "FriendlyWager/FriendlyWager-Info.plist";
				PRODUCT_NAME = "$(TARGET_NAME)";
				PROVISIONING_PROFILE = "A956CC5B-D8CD-4D87-A2E9-BD8C6689CDA8";
				"PROVISIONING_PROFILE[sdk=iphoneos*]" = "A956CC5B-D8CD-4D87-A2E9-BD8C6689CDA8";
				WRAPPER_EXTENSION = app;
			};
			name = Debug;
		};
		F714E19A14A1A88400E24956 /* Release */ = {
			isa = XCBuildConfiguration;
			buildSettings = {
				CODE_SIGN_IDENTITY = "iPhone Developer: Reyaad Sidique (48C5PGZ89L)";
				"CODE_SIGN_IDENTITY[sdk=iphoneos*]" = "iPhone Developer: Reyaad Sidique (48C5PGZ89L)";
				GCC_PRECOMPILE_PREFIX_HEADER = YES;
				GCC_PREFIX_HEADER = "FriendlyWager/FriendlyWager-Prefix.pch";
				INFOPLIST_FILE = "FriendlyWager/FriendlyWager-Info.plist";
				PRODUCT_NAME = "$(TARGET_NAME)";
				PROVISIONING_PROFILE = "A956CC5B-D8CD-4D87-A2E9-BD8C6689CDA8";
				"PROVISIONING_PROFILE[sdk=iphoneos*]" = "A956CC5B-D8CD-4D87-A2E9-BD8C6689CDA8";
				WRAPPER_EXTENSION = app;
			};
			name = Release;
		};
		F714E19C14A1A88400E24956 /* Debug */ = {
			isa = XCBuildConfiguration;
			buildSettings = {
				BUNDLE_LOADER = "$(BUILT_PRODUCTS_DIR)/FriendlyWager.app/FriendlyWager";
				FRAMEWORK_SEARCH_PATHS = (
					"$(SDKROOT)/Developer/Library/Frameworks",
					"$(DEVELOPER_LIBRARY_DIR)/Frameworks",
				);
				GCC_PRECOMPILE_PREFIX_HEADER = YES;
				GCC_PREFIX_HEADER = "FriendlyWager/FriendlyWager-Prefix.pch";
				INFOPLIST_FILE = "FriendlyWagerTests/FriendlyWagerTests-Info.plist";
				PRODUCT_NAME = "$(TARGET_NAME)";
				TEST_HOST = "$(BUNDLE_LOADER)";
				WRAPPER_EXTENSION = octest;
			};
			name = Debug;
		};
		F714E19D14A1A88400E24956 /* Release */ = {
			isa = XCBuildConfiguration;
			buildSettings = {
				BUNDLE_LOADER = "$(BUILT_PRODUCTS_DIR)/FriendlyWager.app/FriendlyWager";
				FRAMEWORK_SEARCH_PATHS = (
					"$(SDKROOT)/Developer/Library/Frameworks",
					"$(DEVELOPER_LIBRARY_DIR)/Frameworks",
				);
				GCC_PRECOMPILE_PREFIX_HEADER = YES;
				GCC_PREFIX_HEADER = "FriendlyWager/FriendlyWager-Prefix.pch";
				INFOPLIST_FILE = "FriendlyWagerTests/FriendlyWagerTests-Info.plist";
				PRODUCT_NAME = "$(TARGET_NAME)";
				TEST_HOST = "$(BUNDLE_LOADER)";
				WRAPPER_EXTENSION = octest;
			};
			name = Release;
		};
/* End XCBuildConfiguration section */

/* Begin XCConfigurationList section */
		F714E15914A1A88400E24956 /* Build configuration list for PBXProject "FriendlyWager" */ = {
			isa = XCConfigurationList;
			buildConfigurations = (
				F714E19614A1A88400E24956 /* Debug */,
				F714E19714A1A88400E24956 /* Release */,
			);
			defaultConfigurationIsVisible = 0;
			defaultConfigurationName = Release;
		};
		F714E19814A1A88400E24956 /* Build configuration list for PBXNativeTarget "FriendlyWager" */ = {
			isa = XCConfigurationList;
			buildConfigurations = (
				F714E19914A1A88400E24956 /* Debug */,
				F714E19A14A1A88400E24956 /* Release */,
			);
			defaultConfigurationIsVisible = 0;
			defaultConfigurationName = Release;
		};
		F714E19B14A1A88400E24956 /* Build configuration list for PBXNativeTarget "FriendlyWagerTests" */ = {
			isa = XCConfigurationList;
			buildConfigurations = (
				F714E19C14A1A88400E24956 /* Debug */,
				F714E19D14A1A88400E24956 /* Release */,
			);
			defaultConfigurationIsVisible = 0;
			defaultConfigurationName = Release;
		};
/* End XCConfigurationList section */
	};
	rootObject = F714E15614A1A88400E24956 /* Project object */;
}
